
Microsoft Visual Studio Solution File, Format Version 12.00
# Visual Studio Version 17
VisualStudioVersion = 17.1.32328.378
MinimumVisualStudioVersion = 10.0.40219.1
Project("{FAE04EC0-301F-11D3-BF4B-00C04F79EFBC}") = "Linq.UI", "Linq.UI\Linq.UI.csproj", "{DB071D18-16EC-4950-B1F4-20327D63FCFA}"
EndProject
Project("{FAE04EC0-301F-11D3-BF4B-00C04F79EFBC}") = "Linq.Data", "Linq.Data\Linq.Data.csproj", "{03A5D381-5B8C-4EAA-9DB2-940ACAA90145}"
EndProject
Project("{FAE04EC0-301F-11D3-BF4B-00C04F79EFBC}") = "Linq.Entities", "Linq.Entities\Linq.Entities.csproj", "{E3730D2A-C5CB-4E99-B8EC-A9D7E88E1B26}"
EndProject
Project("{FAE04EC0-301F-11D3-BF4B-00C04F79EFBC}") = "Linq.Logic", "Linq.Logic\Linq.Logic.csproj", "{D1D78C23-5A60-4315-A248-41DB53E44B0F}"
EndProject
Global
	GlobalSection(SolutionConfigurationPlatforms) = preSolution
		Debug|Any CPU = Debug|Any CPU
		Release|Any CPU = Release|Any CPU
	EndGlobalSection
	GlobalSection(ProjectConfigurationPlatforms) = postSolution
		{DB071D18-16EC-4950-B1F4-20327D63FCFA}.Debug|Any CPU.ActiveCfg = Debug|Any CPU
		{DB071D18-16EC-4950-B1F4-20327D63FCFA}.Debug|Any CPU.Build.0 = Debug|Any CPU
		{DB071D18-16EC-4950-B1F4-20327D63FCFA}.Release|Any CPU.ActiveCfg = Release|Any CPU
		{DB071D18-16EC-4950-B1F4-20327D63FCFA}.Release|Any CPU.Build.0 = Release|Any CPU
		{03A5D381-5B8C-4EAA-9DB2-940ACAA90145}.Debug|Any CPU.ActiveCfg = Debug|Any CPU
		{03A5D381-5B8C-4EAA-9DB2-940ACAA90145}.Debug|Any CPU.Build.0 = Debug|Any CPU
		{03A5D381-5B8C-4EAA-9DB2-940ACAA90145}.Release|Any CPU.ActiveCfg = Release|Any CPU
		{03A5D381-5B8C-4EAA-9DB2-940ACAA90145}.Release|Any CPU.Build.0 = Release|Any CPU
		{E3730D2A-C5CB-4E99-B8EC-A9D7E88E1B26}.Debug|Any CPU.ActiveCfg = Debug|Any CPU
		{E3730D2A-C5CB-4E99-B8EC-A9D7E88E1B26}.Debug|Any CPU.Build.0 = Debug|Any CPU
		{E3730D2A-C5CB-4E99-B8EC-A9D7E88E1B26}.Release|Any CPU.ActiveCfg = Release|Any CPU
		{E3730D2A-C5CB-4E99-B8EC-A9D7E88E1B26}.Release|Any CPU.Build.0 = Release|Any CPU
		{D1D78C23-5A60-4315-A248-41DB53E44B0F}.Debug|Any CPU.ActiveCfg = Debug|Any CPU
		{D1D78C23-5A60-4315-A248-41DB53E44B0F}.Debug|Any CPU.Build.0 = Debug|Any CPU
		{D1D78C23-5A60-4315-A248-41DB53E44B0F}.Release|Any CPU.ActiveCfg = Release|Any CPU
		{D1D78C23-5A60-4315-A248-41DB53E44B0F}.Release|Any CPU.Build.0 = Release|Any CPU
	EndGlobalSection
	GlobalSection(SolutionProperties) = preSolution
		HideSolutionNode = FALSE
	EndGlobalSection
	GlobalSection(ExtensibilityGlobals) = postSolution
		SolutionGuid = {9A1D1657-E0AC-442E-83A5-9BA08CF1CA94}
	EndGlobalSection
EndGlobal
